
Microsoft Visual Studio Solution File, Format Version 12.00
# Visual Studio Version 16
VisualStudioVersion = 16.0.31220.234
MinimumVisualStudioVersion = 10.0.40219.1
Project("{9A19103F-16F7-4668-BE54-9A1E7A4F7556}") = "RpnCalculator", "RpnCalculator\RpnCalculator\RpnCalculator.csproj", "{13D47237-199E-4C22-9319-F5E20E87B354}"
EndProject
Project("{9A19103F-16F7-4668-BE54-9A1E7A4F7556}") = "RpnCalculator.WinUI", "RpnCalculator\RpnCalculator.WinUI\RpnCalculator.WinUI.csproj", "{FAD56C81-37AB-4447-9531-76809EBD0E5D}"
EndProject
Global
	GlobalSection(SolutionConfigurationPlatforms) = preSolution
		Debug|Any CPU = Debug|Any CPU
		Release|Any CPU = Release|Any CPU
	EndGlobalSection
	GlobalSection(ProjectConfigurationPlatforms) = postSolution
		{13D47237-199E-4C22-9319-F5E20E87B354}.Debug|Any CPU.ActiveCfg = Debug|Any CPU
		{13D47237-199E-4C22-9319-F5E20E87B354}.Debug|Any CPU.Build.0 = Debug|Any CPU
		{13D47237-199E-4C22-9319-F5E20E87B354}.Debug|Any CPU.Deploy.0 = Debug|Any CPU
		{13D47237-199E-4C22-9319-F5E20E87B354}.Release|Any CPU.ActiveCfg = Release|Any CPU
		{13D47237-199E-4C22-9319-F5E20E87B354}.Release|Any CPU.Build.0 = Release|Any CPU
		{13D47237-199E-4C22-9319-F5E20E87B354}.Release|Any CPU.Deploy.0 = Release|Any CPU
		{FAD56C81-37AB-4447-9531-76809EBD0E5D}.Debug|Any CPU.ActiveCfg = Debug|Any CPU
		{FAD56C81-37AB-4447-9531-76809EBD0E5D}.Debug|Any CPU.Build.0 = Debug|Any CPU
		{FAD56C81-37AB-4447-9531-76809EBD0E5D}.Debug|Any CPU.Deploy.0 = Debug|Any CPU
		{FAD56C81-37AB-4447-9531-76809EBD0E5D}.Release|Any CPU.ActiveCfg = Release|Any CPU
		{FAD56C81-37AB-4447-9531-76809EBD0E5D}.Release|Any CPU.Build.0 = Release|Any CPU
		{FAD56C81-37AB-4447-9531-76809EBD0E5D}.Release|Any CPU.Deploy.0 = Release|Any CPU
	EndGlobalSection
	GlobalSection(SolutionProperties) = preSolution
		HideSolutionNode = FALSE
	EndGlobalSection
	GlobalSection(ExtensibilityGlobals) = postSolution
		SolutionGuid = {61F7FB11-1E47-470C-91E2-47F8143E1572}
	EndGlobalSection
EndGlobal
