
Microsoft Visual Studio Solution File, Format Version 12.00
# Visual Studio Version 17
VisualStudioVersion = 17.0.31521.260
MinimumVisualStudioVersion = 10.0.40219.1
Project("{FAE04EC0-301F-11D3-BF4B-00C04F79EFBC}") = "BugSweeper", "BugSweeper\BugSweeper\BugSweeper.csproj", "{31C5FA9B-ED43-46E2-8E3C-90C7BAA86BF3}"
EndProject
Project("{FAE04EC0-301F-11D3-BF4B-00C04F79EFBC}") = "BugSweeper.WinUI", "BugSweeper\BugSweeper.WinUI\BugSweeper.WinUI.csproj", "{D38C83B3-AF17-43C3-A929-CA155445A1B6}"
EndProject
Global
	GlobalSection(SolutionConfigurationPlatforms) = preSolution
		Debug|Any CPU = Debug|Any CPU
		Release|Any CPU = Release|Any CPU
	EndGlobalSection
	GlobalSection(ProjectConfigurationPlatforms) = postSolution
		{31C5FA9B-ED43-46E2-8E3C-90C7BAA86BF3}.Debug|Any CPU.ActiveCfg = Debug|Any CPU
		{31C5FA9B-ED43-46E2-8E3C-90C7BAA86BF3}.Debug|Any CPU.Build.0 = Debug|Any CPU
		{31C5FA9B-ED43-46E2-8E3C-90C7BAA86BF3}.Debug|Any CPU.Deploy.0 = Debug|Any CPU
		{31C5FA9B-ED43-46E2-8E3C-90C7BAA86BF3}.Release|Any CPU.ActiveCfg = Release|Any CPU
		{31C5FA9B-ED43-46E2-8E3C-90C7BAA86BF3}.Release|Any CPU.Build.0 = Release|Any CPU
		{31C5FA9B-ED43-46E2-8E3C-90C7BAA86BF3}.Release|Any CPU.Deploy.0 = Release|Any CPU
		{D38C83B3-AF17-43C3-A929-CA155445A1B6}.Debug|Any CPU.ActiveCfg = Debug|Any CPU
		{D38C83B3-AF17-43C3-A929-CA155445A1B6}.Debug|Any CPU.Build.0 = Debug|Any CPU
		{D38C83B3-AF17-43C3-A929-CA155445A1B6}.Release|Any CPU.ActiveCfg = Release|Any CPU
		{D38C83B3-AF17-43C3-A929-CA155445A1B6}.Release|Any CPU.Build.0 = Release|Any CPU
	EndGlobalSection
	GlobalSection(SolutionProperties) = preSolution
		HideSolutionNode = FALSE
	EndGlobalSection
	GlobalSection(ExtensibilityGlobals) = postSolution
		SolutionGuid = {57A90157-1992-4F3E-AEB5-BF66DCFD2D65}
	EndGlobalSection
EndGlobal
