
Microsoft Visual Studio Solution File, Format Version 12.00
# Visual Studio Version 16
VisualStudioVersion = 16.0.31220.234
MinimumVisualStudioVersion = 10.0.40219.1
Project("{9A19103F-16F7-4668-BE54-9A1E7A4F7556}") = "UsingMessagingCenter", "UsingMessagingCenter\UsingMessagingCenter\UsingMessagingCenter.csproj", "{1D41DB41-5963-46EC-B5A8-E821226806FC}"
EndProject
Project("{9A19103F-16F7-4668-BE54-9A1E7A4F7556}") = "UsingMessagingCenter.WinUI", "UsingMessagingCenter\UsingMessagingCenter.WinUI\UsingMessagingCenter.WinUI.csproj", "{6D2D0708-5104-4C7B-8917-7B75582D87D3}"
EndProject
Global
	GlobalSection(SolutionConfigurationPlatforms) = preSolution
		Debug|Any CPU = Debug|Any CPU
		Release|Any CPU = Release|Any CPU
	EndGlobalSection
	GlobalSection(ProjectConfigurationPlatforms) = postSolution
		{1D41DB41-5963-46EC-B5A8-E821226806FC}.Debug|Any CPU.ActiveCfg = Debug|Any CPU
		{1D41DB41-5963-46EC-B5A8-E821226806FC}.Debug|Any CPU.Build.0 = Debug|Any CPU
		{1D41DB41-5963-46EC-B5A8-E821226806FC}.Debug|Any CPU.Deploy.0 = Debug|Any CPU
		{1D41DB41-5963-46EC-B5A8-E821226806FC}.Release|Any CPU.ActiveCfg = Release|Any CPU
		{1D41DB41-5963-46EC-B5A8-E821226806FC}.Release|Any CPU.Build.0 = Release|Any CPU
		{1D41DB41-5963-46EC-B5A8-E821226806FC}.Release|Any CPU.Deploy.0 = Release|Any CPU
		{6D2D0708-5104-4C7B-8917-7B75582D87D3}.Debug|Any CPU.ActiveCfg = Debug|Any CPU
		{6D2D0708-5104-4C7B-8917-7B75582D87D3}.Debug|Any CPU.Build.0 = Debug|Any CPU
		{6D2D0708-5104-4C7B-8917-7B75582D87D3}.Debug|Any CPU.Deploy.0 = Debug|Any CPU
		{6D2D0708-5104-4C7B-8917-7B75582D87D3}.Release|Any CPU.ActiveCfg = Release|Any CPU
		{6D2D0708-5104-4C7B-8917-7B75582D87D3}.Release|Any CPU.Build.0 = Release|Any CPU
		{6D2D0708-5104-4C7B-8917-7B75582D87D3}.Release|Any CPU.Deploy.0 = Release|Any CPU
	EndGlobalSection
	GlobalSection(SolutionProperties) = preSolution
		HideSolutionNode = FALSE
	EndGlobalSection
	GlobalSection(ExtensibilityGlobals) = postSolution
		SolutionGuid = {61F7FB11-1E47-470C-91E2-47F8143E1572}
	EndGlobalSection
EndGlobal
