
Microsoft Visual Studio Solution File, Format Version 12.00
# Visual Studio Version 17
VisualStudioVersion = 17.0.31521.260
MinimumVisualStudioVersion = 10.0.40219.1
Project("{FAE04EC0-301F-11D3-BF4B-00C04F79EFBC}") = "AttachedNumericValidationBehavior", "AttachedNumericValidationBehavior\AttachedNumericValidationBehavior\AttachedNumericValidationBehavior.csproj", "{55E0B2C9-AC7E-4712-BE1D-2788098E63F2}"
EndProject
Project("{FAE04EC0-301F-11D3-BF4B-00C04F79EFBC}") = "AttachedNumericValidationBehavior.WinUI", "AttachedNumericValidationBehavior\AttachedNumericValidationBehavior.WinUI\AttachedNumericValidationBehavior.WinUI.csproj", "{F045A6EB-5EDB-407D-9452-123C230672EB}"
EndProject
Global
	GlobalSection(SolutionConfigurationPlatforms) = preSolution
		Debug|Any CPU = Debug|Any CPU
		Release|Any CPU = Release|Any CPU
	EndGlobalSection
	GlobalSection(ProjectConfigurationPlatforms) = postSolution
		{55E0B2C9-AC7E-4712-BE1D-2788098E63F2}.Debug|Any CPU.ActiveCfg = Debug|Any CPU
		{55E0B2C9-AC7E-4712-BE1D-2788098E63F2}.Debug|Any CPU.Build.0 = Debug|Any CPU
		{55E0B2C9-AC7E-4712-BE1D-2788098E63F2}.Debug|Any CPU.Deploy.0 = Debug|Any CPU
		{55E0B2C9-AC7E-4712-BE1D-2788098E63F2}.Release|Any CPU.ActiveCfg = Release|Any CPU
		{55E0B2C9-AC7E-4712-BE1D-2788098E63F2}.Release|Any CPU.Build.0 = Release|Any CPU
		{55E0B2C9-AC7E-4712-BE1D-2788098E63F2}.Release|Any CPU.Deploy.0 = Release|Any CPU
		{F045A6EB-5EDB-407D-9452-123C230672EB}.Debug|Any CPU.ActiveCfg = Debug|Any CPU
		{F045A6EB-5EDB-407D-9452-123C230672EB}.Debug|Any CPU.Build.0 = Debug|Any CPU
		{F045A6EB-5EDB-407D-9452-123C230672EB}.Release|Any CPU.ActiveCfg = Release|Any CPU
		{F045A6EB-5EDB-407D-9452-123C230672EB}.Release|Any CPU.Build.0 = Release|Any CPU
	EndGlobalSection
	GlobalSection(SolutionProperties) = preSolution
		HideSolutionNode = FALSE
	EndGlobalSection
	GlobalSection(ExtensibilityGlobals) = postSolution
		SolutionGuid = {FD7E4BAC-CCE1-4DE5-B0FF-496DC3D4CE12}
	EndGlobalSection
EndGlobal
