
Microsoft Visual Studio Solution File, Format Version 12.00
# Visual Studio Version 16
VisualStudioVersion = 16.0.31220.234
MinimumVisualStudioVersion = 10.0.40219.1
Project("{9A19103F-16F7-4668-BE54-9A1E7A4F7556}") = "WorkingWithNavigation", "WorkingWithNavigation\WorkingWithNavigation\WorkingWithNavigation.csproj", "{FE08FD10-CEEA-4BA1-B7CA-0C1D20D875E4}"
EndProject
Project("{9A19103F-16F7-4668-BE54-9A1E7A4F7556}") = "WorkingWithNavigation.WinUI", "WorkingWithNavigation\WorkingWithNavigation.WinUI\WorkingWithNavigation.WinUI.csproj", "{88AE3DD8-3038-40C4-AE5B-A0433D6EE6E7}"
EndProject
Global
	GlobalSection(SolutionConfigurationPlatforms) = preSolution
		Debug|Any CPU = Debug|Any CPU
		Release|Any CPU = Release|Any CPU
	EndGlobalSection
	GlobalSection(ProjectConfigurationPlatforms) = postSolution
		{FE08FD10-CEEA-4BA1-B7CA-0C1D20D875E4}.Debug|Any CPU.ActiveCfg = Debug|Any CPU
		{FE08FD10-CEEA-4BA1-B7CA-0C1D20D875E4}.Debug|Any CPU.Build.0 = Debug|Any CPU
		{FE08FD10-CEEA-4BA1-B7CA-0C1D20D875E4}.Debug|Any CPU.Deploy.0 = Debug|Any CPU
		{FE08FD10-CEEA-4BA1-B7CA-0C1D20D875E4}.Release|Any CPU.ActiveCfg = Release|Any CPU
		{FE08FD10-CEEA-4BA1-B7CA-0C1D20D875E4}.Release|Any CPU.Build.0 = Release|Any CPU
		{FE08FD10-CEEA-4BA1-B7CA-0C1D20D875E4}.Release|Any CPU.Deploy.0 = Release|Any CPU
		{88AE3DD8-3038-40C4-AE5B-A0433D6EE6E7}.Debug|Any CPU.ActiveCfg = Debug|Any CPU
		{88AE3DD8-3038-40C4-AE5B-A0433D6EE6E7}.Debug|Any CPU.Build.0 = Debug|Any CPU
		{88AE3DD8-3038-40C4-AE5B-A0433D6EE6E7}.Debug|Any CPU.Deploy.0 = Debug|Any CPU
		{88AE3DD8-3038-40C4-AE5B-A0433D6EE6E7}.Release|Any CPU.ActiveCfg = Release|Any CPU
		{88AE3DD8-3038-40C4-AE5B-A0433D6EE6E7}.Release|Any CPU.Build.0 = Release|Any CPU
		{88AE3DD8-3038-40C4-AE5B-A0433D6EE6E7}.Release|Any CPU.Deploy.0 = Release|Any CPU
	EndGlobalSection
	GlobalSection(SolutionProperties) = preSolution
		HideSolutionNode = FALSE
	EndGlobalSection
	GlobalSection(ExtensibilityGlobals) = postSolution
		SolutionGuid = {61F7FB11-1E47-470C-91E2-47F8143E1572}
	EndGlobalSection
EndGlobal
